
Microsoft Visual Studio Solution File, Format Version 12.00
# Visual Studio Version 17
VisualStudioVersion = 17.4.33205.214
MinimumVisualStudioVersion = 10.0.40219.1
Project("{FAE04EC0-301F-11D3-BF4B-00C04F79EFBC}") = "algorithm task2", "algorithm task2\algorithm task2.csproj", "{0FD15DE0-7335-4917-98AE-A941B9535BE3}"
EndProject
Global
	GlobalSection(SolutionConfigurationPlatforms) = preSolution
		Debug|Any CPU = Debug|Any CPU
		Release|Any CPU = Release|Any CPU
	EndGlobalSection
	GlobalSection(ProjectConfigurationPlatforms) = postSolution
		{0FD15DE0-7335-4917-98AE-A941B9535BE3}.Debug|Any CPU.ActiveCfg = Debug|Any CPU
		{0FD15DE0-7335-4917-98AE-A941B9535BE3}.Debug|Any CPU.Build.0 = Debug|Any CPU
		{0FD15DE0-7335-4917-98AE-A941B9535BE3}.Release|Any CPU.ActiveCfg = Release|Any CPU
		{0FD15DE0-7335-4917-98AE-A941B9535BE3}.Release|Any CPU.Build.0 = Release|Any CPU
	EndGlobalSection
	GlobalSection(SolutionProperties) = preSolution
		HideSolutionNode = FALSE
	EndGlobalSection
	GlobalSection(ExtensibilityGlobals) = postSolution
		SolutionGuid = {BA7672A8-8B79-45CA-AC79-DA6314FC3F7B}
	EndGlobalSection
EndGlobal
